
Microsoft Visual Studio Solution File, Format Version 12.00
# Visual Studio Version 17
VisualStudioVersion = 17.3.32929.385
MinimumVisualStudioVersion = 10.0.40219.1
Project("{FAE04EC0-301F-11D3-BF4B-00C04F79EFBC}") = "Calculator.Android", "Calculator\Calculator.Android\Calculator.Android.csproj", "{119181A9-DB18-4EBA-AA61-DE83313DB9A2}"
EndProject
Project("{FAE04EC0-301F-11D3-BF4B-00C04F79EFBC}") = "Calculator.iOS", "Calculator\Calculator.iOS\Calculator.iOS.csproj", "{3F09F914-2C97-46DB-97C0-A9634D33F7C3}"
EndProject
Project("{FAE04EC0-301F-11D3-BF4B-00C04F79EFBC}") = "Calculator", "Calculator\Calculator\Calculator.csproj", "{86A4CF35-6F38-4A30-ABFB-4F27CC5A088A}"
EndProject
Global
	GlobalSection(SolutionConfigurationPlatforms) = preSolution
		Debug|Any CPU = Debug|Any CPU
		Debug|iPhone = Debug|iPhone
		Debug|iPhoneSimulator = Debug|iPhoneSimulator
		Release|Any CPU = Release|Any CPU
		Release|iPhone = Release|iPhone
		Release|iPhoneSimulator = Release|iPhoneSimulator
	EndGlobalSection
	GlobalSection(ProjectConfigurationPlatforms) = postSolution
		{119181A9-DB18-4EBA-AA61-DE83313DB9A2}.Debug|Any CPU.ActiveCfg = Debug|Any CPU
		{119181A9-DB18-4EBA-AA61-DE83313DB9A2}.Debug|Any CPU.Build.0 = Debug|Any CPU
		{119181A9-DB18-4EBA-AA61-DE83313DB9A2}.Debug|Any CPU.Deploy.0 = Debug|Any CPU
		{119181A9-DB18-4EBA-AA61-DE83313DB9A2}.Debug|iPhone.ActiveCfg = Debug|Any CPU
		{119181A9-DB18-4EBA-AA61-DE83313DB9A2}.Debug|iPhone.Build.0 = Debug|Any CPU
		{119181A9-DB18-4EBA-AA61-DE83313DB9A2}.Debug|iPhone.Deploy.0 = Debug|Any CPU
		{119181A9-DB18-4EBA-AA61-DE83313DB9A2}.Debug|iPhoneSimulator.ActiveCfg = Debug|Any CPU
		{119181A9-DB18-4EBA-AA61-DE83313DB9A2}.Debug|iPhoneSimulator.Build.0 = Debug|Any CPU
		{119181A9-DB18-4EBA-AA61-DE83313DB9A2}.Debug|iPhoneSimulator.Deploy.0 = Debug|Any CPU
		{119181A9-DB18-4EBA-AA61-DE83313DB9A2}.Release|Any CPU.ActiveCfg = Release|Any CPU
		{119181A9-DB18-4EBA-AA61-DE83313DB9A2}.Release|Any CPU.Build.0 = Release|Any CPU
		{119181A9-DB18-4EBA-AA61-DE83313DB9A2}.Release|Any CPU.Deploy.0 = Release|Any CPU
		{119181A9-DB18-4EBA-AA61-DE83313DB9A2}.Release|iPhone.ActiveCfg = Release|Any CPU
		{119181A9-DB18-4EBA-AA61-DE83313DB9A2}.Release|iPhone.Build.0 = Release|Any CPU
		{119181A9-DB18-4EBA-AA61-DE83313DB9A2}.Release|iPhone.Deploy.0 = Release|Any CPU
		{119181A9-DB18-4EBA-AA61-DE83313DB9A2}.Release|iPhoneSimulator.ActiveCfg = Release|Any CPU
		{119181A9-DB18-4EBA-AA61-DE83313DB9A2}.Release|iPhoneSimulator.Build.0 = Release|Any CPU
		{119181A9-DB18-4EBA-AA61-DE83313DB9A2}.Release|iPhoneSimulator.Deploy.0 = Release|Any CPU
		{3F09F914-2C97-46DB-97C0-A9634D33F7C3}.Debug|Any CPU.ActiveCfg = Debug|iPhone
		{3F09F914-2C97-46DB-97C0-A9634D33F7C3}.Debug|Any CPU.Build.0 = Debug|iPhone
		{3F09F914-2C97-46DB-97C0-A9634D33F7C3}.Debug|Any CPU.Deploy.0 = Debug|iPhone
		{3F09F914-2C97-46DB-97C0-A9634D33F7C3}.Debug|iPhone.ActiveCfg = Debug|iPhone
		{3F09F914-2C97-46DB-97C0-A9634D33F7C3}.Debug|iPhone.Build.0 = Debug|iPhone
		{3F09F914-2C97-46DB-97C0-A9634D33F7C3}.Debug|iPhone.Deploy.0 = Debug|iPhone
		{3F09F914-2C97-46DB-97C0-A9634D33F7C3}.Debug|iPhoneSimulator.ActiveCfg = Debug|iPhoneSimulator
		{3F09F914-2C97-46DB-97C0-A9634D33F7C3}.Debug|iPhoneSimulator.Build.0 = Debug|iPhoneSimulator
		{3F09F914-2C97-46DB-97C0-A9634D33F7C3}.Debug|iPhoneSimulator.Deploy.0 = Debug|iPhoneSimulator
		{3F09F914-2C97-46DB-97C0-A9634D33F7C3}.Release|Any CPU.ActiveCfg = Release|iPhoneSimulator
		{3F09F914-2C97-46DB-97C0-A9634D33F7C3}.Release|Any CPU.Build.0 = Release|iPhoneSimulator
		{3F09F914-2C97-46DB-97C0-A9634D33F7C3}.Release|Any CPU.Deploy.0 = Release|iPhoneSimulator
		{3F09F914-2C97-46DB-97C0-A9634D33F7C3}.Release|iPhone.ActiveCfg = Release|iPhone
		{3F09F914-2C97-46DB-97C0-A9634D33F7C3}.Release|iPhone.Build.0 = Release|iPhone
		{3F09F914-2C97-46DB-97C0-A9634D33F7C3}.Release|iPhone.Deploy.0 = Release|iPhone
		{3F09F914-2C97-46DB-97C0-A9634D33F7C3}.Release|iPhoneSimulator.ActiveCfg = Release|iPhoneSimulator
		{3F09F914-2C97-46DB-97C0-A9634D33F7C3}.Release|iPhoneSimulator.Build.0 = Release|iPhoneSimulator
		{3F09F914-2C97-46DB-97C0-A9634D33F7C3}.Release|iPhoneSimulator.Deploy.0 = Release|iPhoneSimulator
		{86A4CF35-6F38-4A30-ABFB-4F27CC5A088A}.Debug|Any CPU.ActiveCfg = Debug|Any CPU
		{86A4CF35-6F38-4A30-ABFB-4F27CC5A088A}.Debug|Any CPU.Build.0 = Debug|Any CPU
		{86A4CF35-6F38-4A30-ABFB-4F27CC5A088A}.Debug|Any CPU.Deploy.0 = Debug|Any CPU
		{86A4CF35-6F38-4A30-ABFB-4F27CC5A088A}.Debug|iPhone.ActiveCfg = Debug|Any CPU
		{86A4CF35-6F38-4A30-ABFB-4F27CC5A088A}.Debug|iPhone.Build.0 = Debug|Any CPU
		{86A4CF35-6F38-4A30-ABFB-4F27CC5A088A}.Debug|iPhone.Deploy.0 = Debug|Any CPU
		{86A4CF35-6F38-4A30-ABFB-4F27CC5A088A}.Debug|iPhoneSimulator.ActiveCfg = Debug|Any CPU
		{86A4CF35-6F38-4A30-ABFB-4F27CC5A088A}.Debug|iPhoneSimulator.Build.0 = Debug|Any CPU
		{86A4CF35-6F38-4A30-ABFB-4F27CC5A088A}.Debug|iPhoneSimulator.Deploy.0 = Debug|Any CPU
		{86A4CF35-6F38-4A30-ABFB-4F27CC5A088A}.Release|Any CPU.ActiveCfg = Release|Any CPU
		{86A4CF35-6F38-4A30-ABFB-4F27CC5A088A}.Release|Any CPU.Build.0 = Release|Any CPU
		{86A4CF35-6F38-4A30-ABFB-4F27CC5A088A}.Release|Any CPU.Deploy.0 = Release|Any CPU
		{86A4CF35-6F38-4A30-ABFB-4F27CC5A088A}.Release|iPhone.ActiveCfg = Release|Any CPU
		{86A4CF35-6F38-4A30-ABFB-4F27CC5A088A}.Release|iPhone.Build.0 = Release|Any CPU
		{86A4CF35-6F38-4A30-ABFB-4F27CC5A088A}.Release|iPhone.Deploy.0 = Release|Any CPU
		{86A4CF35-6F38-4A30-ABFB-4F27CC5A088A}.Release|iPhoneSimulator.ActiveCfg = Release|Any CPU
		{86A4CF35-6F38-4A30-ABFB-4F27CC5A088A}.Release|iPhoneSimulator.Build.0 = Release|Any CPU
		{86A4CF35-6F38-4A30-ABFB-4F27CC5A088A}.Release|iPhoneSimulator.Deploy.0 = Release|Any CPU
	EndGlobalSection
	GlobalSection(SolutionProperties) = preSolution
		HideSolutionNode = FALSE
	EndGlobalSection
	GlobalSection(ExtensibilityGlobals) = postSolution
		SolutionGuid = {7B7EA717-5A88-434C-9FF3-11E6CC3A14E3}
	EndGlobalSection
EndGlobal
